
Microsoft Visual Studio Solution File, Format Version 12.00
# Visual Studio Version 16
VisualStudioVersion = 16.0.30804.86
MinimumVisualStudioVersion = 10.0.40219.1
Project("{FAE04EC0-301F-11D3-BF4B-00C04F79EFBC}") = "TreeViewAddElement", "TreeViewAddElement\TreeViewAddElement.csproj", "{5283214C-775B-4B50-A459-38431E0D87A2}"
EndProject
Global
	GlobalSection(SolutionConfigurationPlatforms) = preSolution
		Debug|Any CPU = Debug|Any CPU
		Release|Any CPU = Release|Any CPU
	EndGlobalSection
	GlobalSection(ProjectConfigurationPlatforms) = postSolution
		{5283214C-775B-4B50-A459-38431E0D87A2}.Debug|Any CPU.ActiveCfg = Debug|Any CPU
		{5283214C-775B-4B50-A459-38431E0D87A2}.Debug|Any CPU.Build.0 = Debug|Any CPU
		{5283214C-775B-4B50-A459-38431E0D87A2}.Release|Any CPU.ActiveCfg = Release|Any CPU
		{5283214C-775B-4B50-A459-38431E0D87A2}.Release|Any CPU.Build.0 = Release|Any CPU
	EndGlobalSection
	GlobalSection(SolutionProperties) = preSolution
		HideSolutionNode = FALSE
	EndGlobalSection
	GlobalSection(ExtensibilityGlobals) = postSolution
		SolutionGuid = {DEF55B3B-46DD-45CF-B773-7F523B697010}
	EndGlobalSection
EndGlobal
